{
  "name": "wdk-btc-wallet",
  "version": "0.1.0",
  "lockfileVersion": 3,
  "requires": true,
  "packages": {
    "": {
      "name": "wdk-btc-wallet",
      "version": "0.1.0",
      "dependencies": {
        "@tetherto/wdk": "^1.0.0-beta.6",
        "@tetherto/wdk-wallet-btc": "^1.0.0-beta.5",
        "dotenv": "^16.4.5"
      }
    },
    "node_modules/@bitcoinerlab/coinselect": {
      "version": "1.3.1",
      "license": "MIT",
      "dependencies": {
        "@bitcoinerlab/descriptors": "^2.3.0"
      }
    },
    "node_modules/@bitcoinerlab/descriptors": {
      "version": "2.3.1",
      "license": "MIT",
      "dependencies": {
        "@bitcoinerlab/miniscript": "^1.4.0",
        "@bitcoinerlab/secp256k1": "^1.2.0",
        "bip32": "^4.0.0",
        "bitcoinjs-lib": "^6.1.3",
        "ecpair": "^2.1.0",
        "lodash.memoize": "^4.1.2",
        "varuint-bitcoin": "^1.1.2"
      },
      "peerDependencies": {
        "ledger-bitcoin": "^0.2.2"
      },
      "peerDependenciesMeta": {
        "ledger-bitcoin": {
          "optional": true
        }
      }
    },
    "node_modules/@bitcoinerlab/miniscript": {
      "version": "1.4.3",
      "license": "MIT",
      "dependencies": {
        "bip68": "^1.0.4"
      }
    },
    "node_modules/@bitcoinerlab/secp256k1": {
      "version": "1.2.0",
      "license": "MIT",
      "dependencies": {
        "@noble/curves": "^1.7.0"
      }
    },
    "node_modules/@mempool/electrum-client": {
      "version": "1.1.9",
      "license": "MIT",
      "engines": {
        "node": ">=6"
      }
    },
    "node_modules/@noble/curves": {
      "version": "1.9.7",
      "license": "MIT",
      "dependencies": {
        "@noble/hashes": "1.8.0"
      },
      "engines": {
        "node": "^14.21.3 || >=16"
      },
      "funding": {
        "url": "https://paulmillr.com/funding/"
      }
    },
    "node_modules/@noble/hashes": {
      "version": "1.8.0",
      "license": "MIT",
      "engines": {
        "node": "^14.21.3 || >=16"
      },
      "funding": {
        "url": "https://paulmillr.com/funding/"
      }
    },
    "node_modules/@scure/base": {
      "version": "1.2.6",
      "license": "MIT",
      "funding": {
        "url": "https://paulmillr.com/funding/"
      }
    },
    "node_modules/@tetherto/wdk": {
      "version": "1.0.0-beta.6",
      "license": "Apache-2.0",
      "dependencies": {
        "@tetherto/wdk-wallet": "^1.0.0-beta.6",
        "bare-node-runtime": "^1.1.4"
      }
    },
    "node_modules/@tetherto/wdk-wallet": {
      "version": "1.0.0-beta.7",
      "license": "Apache-2.0",
      "dependencies": {
        "bare-node-runtime": "^1.1.4",
        "bip39": "3.1.0"
      }
    },
    "node_modules/@tetherto/wdk-wallet-btc": {
      "version": "1.0.0-beta.7",
      "license": "Apache-2.0",
      "dependencies": {
        "@bitcoinerlab/coinselect": "1.3.1",
        "@bitcoinerlab/descriptors": "2.3.1",
        "@bitcoinerlab/secp256k1": "1.2.0",
        "@mempool/electrum-client": "1.1.9",
        "@tetherto/wdk-wallet": "1.0.0-beta.7",
        "bare-node-runtime": "^1.1.4",
        "bip32": "4.0.0",
        "bip39": "3.1.0",
        "bitcoinjs-lib": "6.1.7",
        "bitcoinjs-message": "2.2.0",
        "lru-cache": "11.2.2",
        "p-limit": "7.1.1",
        "sodium-universal": "5.0.1"
      }
    },
    "node_modules/available-typed-arrays": {
      "version": "1.0.7",
      "license": "MIT",
      "dependencies": {
        "possible-typed-array-names": "^1.0.0"
      },
      "engines": {
        "node": ">= 0.4"
      },
      "funding": {
        "url": "https://github.com/sponsors/ljharb"
      }
    },
    "node_modules/b4a": {
      "version": "1.8.0",
      "license": "Apache-2.0",
      "peerDependencies": {
        "react-native-b4a": "*"
      },
      "peerDependenciesMeta": {
        "react-native-b4a": {
          "optional": true
        }
      }
    },
    "node_modules/bare-abort": {
      "version": "2.0.13",
      "license": "Apache-2.0"
    },
    "node_modules/bare-abort-controller": {
      "version": "1.1.0",
      "license": "Apache-2.0",
      "dependencies": {
        "bare-events": "^2.7.0"
      }
    },
    "node_modules/bare-addon-resolve": {
      "version": "1.10.0",
      "license": "Apache-2.0",
      "dependencies": {
        "bare-module-resolve": "^1.10.0",
        "bare-semver": "^1.0.0"
      },
      "peerDependencies": {
        "bare-url": "*"
      },
      "peerDependenciesMeta": {
        "bare-url": {
          "optional": true
        }
      }
    },
    "node_modules/bare-ansi-escapes": {
      "version": "2.2.3",
      "license": "Apache-2.0",
      "dependencies": {
        "bare-stream": "^2.6.5"
      },
      "peerDependencies": {
        "bare-buffer": "*"
      },
      "peerDependenciesMeta": {
        "bare-buffer": {
          "optional": true
        }
      }
    },
    "node_modules/bare-assert": {
      "version": "1.2.0",
      "license": "Apache-2.0",
      "dependencies": {
        "bare-inspect": "^3.1.2"
      }
    },
    "node_modules/bare-async-hooks": {
      "version": "0.0.0",
      "license": "Apache-2.0"
    },
    "node_modules/bare-buffer": {
      "version": "3.6.0",
      "license": "Apache-2.0",
      "engines": {
        "bare": ">=1.20.0"
      }
    },
    "node_modules/bare-bundle": {
      "version": "1.10.0",
      "license": "Apache-2.0",
      "peerDependencies": {
        "bare-buffer": "*",
        "bare-url": "*"
      },
      "peerDependenciesMeta": {
        "bare-buffer": {
          "optional": true
        },
        "bare-url": {
          "optional": true
        }
      }
    },
    "node_modules/bare-channel": {
      "version": "5.2.3",
      "license": "Apache-2.0",
      "dependencies": {
        "bare-events": "^2.0.0",
        "bare-stream": "^2.7.0",
        "bare-structured-clone": "^1.4.0"
      },
      "engines": {
        "bare": ">=1.7.0"
      }
    },
    "node_modules/bare-console": {
      "version": "6.1.0",
      "license": "Apache-2.0",
      "dependencies": {
        "bare-hrtime": "^2.0.0",
        "bare-logger": "^2.0.0",
        "bare-system-logger": "^1.0.2"
      }
    },
    "node_modules/bare-crypto": {
      "version": "1.13.4",
      "license": "Apache-2.0",
      "dependencies": {
        "bare-assert": "^1.2.0",
        "bare-stream": "^2.6.3"
      },
      "peerDependencies": {
        "bare-buffer": "*"
      },
      "peerDependenciesMeta": {
        "bare-buffer": {
          "optional": true
        }
      }
    },
    "node_modules/bare-debug-log": {
      "version": "2.0.0",
      "license": "Apache-2.0",
      "dependencies": {
        "bare-os": "^3.0.1"
      }
    },
    "node_modules/bare-dgram": {
      "version": "1.0.1",
      "license": "Apache-2.0",
      "dependencies": {
        "bare-events": "^2.5.0",
        "udx-native": "^1.11.2"
      }
    },
    "node_modules/bare-diagnostics-channel": {
      "version": "1.1.0",
      "license": "Apache-2.0"
    },
    "node_modules/bare-dns": {
      "version": "2.1.4",
      "license": "Apache-2.0",
      "engines": {
        "bare": ">=1.7.0"
      }
    },
    "node_modules/bare-encoding": {
      "version": "1.0.3",
      "license": "Apache-2.0",
      "peerDependencies": {
        "bare-buffer": "*"
      },
      "peerDependenciesMeta": {
        "bare-buffer": {
          "optional": true
        }
      }
    },
    "node_modules/bare-env": {
      "version": "3.0.0",
      "license": "Apache-2.0",
      "dependencies": {
        "bare-os": "^3.0.1"
      }
    },
    "node_modules/bare-events": {
      "version": "2.8.2",
      "license": "Apache-2.0",
      "peerDependencies": {
        "bare-abort-controller": "*"
      },
      "peerDependenciesMeta": {
        "bare-abort-controller": {
          "optional": true
        }
      }
    },
    "node_modules/bare-fetch": {
      "version": "2.8.0",
      "license": "Apache-2.0",
      "dependencies": {
        "bare-form-data": "^1.2.0",
        "bare-http1": "^4.5.2",
        "bare-https": "^2.0.0",
        "bare-stream": "^2.9.1",
        "bare-url": "^2.4.0",
        "bare-zlib": "^1.3.0"
      },
      "peerDependencies": {
        "bare-abort-controller": "*",
        "bare-buffer": "*"
      },
      "peerDependenciesMeta": {
        "bare-abort-controller": {
          "optional": true
        },
        "bare-buffer": {
          "optional": true
        }
      }
    },
    "node_modules/bare-form-data": {
      "version": "1.2.1",
      "license": "Apache-2.0",
      "dependencies": {
        "bare-buffer": "^3.6.0",
        "bare-stream": "^2.6.5"
      }
    },
    "node_modules/bare-format": {
      "version": "1.0.2",
      "license": "Apache-2.0",
      "dependencies": {
        "bare-inspect": "^3.0.0"
      }
    },
    "node_modules/bare-fs": {
      "version": "4.5.6",
      "license": "Apache-2.0",
      "dependencies": {
        "bare-events": "^2.5.4",
        "bare-path": "^3.0.0",
        "bare-stream": "^2.6.4",
        "bare-url": "^2.2.2",
        "fast-fifo": "^1.3.2"
      },
      "engines": {
        "bare": ">=1.16.0"
      },
      "peerDependencies": {
        "bare-buffer": "*"
      },
      "peerDependenciesMeta": {
        "bare-buffer": {
          "optional": true
        }
      }
    },
    "node_modules/bare-hrtime": {
      "version": "2.1.1",
      "license": "Apache-2.0"
    },
    "node_modules/bare-http-parser": {
      "version": "1.1.3",
      "license": "Apache-2.0"
    },
    "node_modules/bare-http1": {
      "version": "4.5.5",
      "license": "Apache-2.0",
      "dependencies": {
        "bare-events": "^2.6.0",
        "bare-http-parser": "^1.1.1",
        "bare-stream": "^2.10.0",
        "bare-tcp": "^2.2.0"
      },
      "peerDependencies": {
        "bare-buffer": "*",
        "bare-url": "*"
      },
      "peerDependenciesMeta": {
        "bare-buffer": {
          "optional": true
        },
        "bare-url": {
          "optional": true
        }
      }
    },
    "node_modules/bare-https": {
      "version": "2.1.3",
      "license": "Apache-2.0",
      "dependencies": {
        "bare-http1": "^4.4.0",
        "bare-tcp": "^2.2.0",
        "bare-tls": "^2.0.0"
      }
    },
    "node_modules/bare-https/node_modules/bare-tls": {
      "version": "2.2.1",
      "resolved": "https://registry.npmjs.org/bare-tls/-/bare-tls-2.2.1.tgz",
      "integrity": "sha512-hZ+ZqwrUO4dyH7/6WYkYWjgAFNJKjzwEYJiDaMnMs+eRleBDjQ3CvNZawpkw0Ar9jnM9NZK6+f6GqjkZ2FLGmQ==",
      "license": "Apache-2.0",
      "dependencies": {
        "bare-net": "^2.0.1",
        "bare-stream": "^2.6.4"
      },
      "engines": {
        "bare": ">=1.7.0"
      }
    },
    "node_modules/bare-inspect": {
      "version": "3.1.4",
      "license": "Apache-2.0",
      "dependencies": {
        "bare-ansi-escapes": "^2.1.0",
        "bare-type": "^1.0.0"
      },
      "engines": {
        "bare": ">=1.18.0"
      }
    },
    "node_modules/bare-inspector": {
      "version": "5.0.0",
      "license": "Apache-2.0",
      "dependencies": {
        "bare-events": "^2.1.0",
        "bare-http1": "^4.0.0",
        "bare-stream": "^2.0.0",
        "bare-url": "^2.0.0",
        "bare-ws": "^2.0.0"
      },
      "engines": {
        "bare": ">=1.2.0"
      },
      "peerDependencies": {
        "bare-tcp": "*"
      },
      "peerDependenciesMeta": {
        "bare-tcp": {
          "optional": true
        }
      }
    },
    "node_modules/bare-logger": {
      "version": "2.0.3",
      "license": "Apache-2.0",
      "dependencies": {
        "bare-format": "^1.0.0"
      }
    },
    "node_modules/bare-module": {
      "version": "6.1.3",
      "license": "Apache-2.0",
      "dependencies": {
        "bare-bundle": "^1.3.0",
        "bare-module-lexer": "^1.0.0",
        "bare-module-resolve": "^1.8.0",
        "bare-path": "^3.0.0",
        "bare-url": "^2.0.1"
      },
      "engines": {
        "bare": ">=1.23.0"
      },
      "peerDependencies": {
        "bare-buffer": "*"
      },
      "peerDependenciesMeta": {
        "bare-buffer": {
          "optional": true
        }
      }
    },
    "node_modules/bare-module-lexer": {
      "version": "1.4.7",
      "license": "Apache-2.0",
      "dependencies": {
        "require-addon": "^1.0.2"
      },
      "peerDependencies": {
        "bare-buffer": "*"
      },
      "peerDependenciesMeta": {
        "bare-buffer": {
          "optional": true
        }
      }
    },
    "node_modules/bare-module-resolve": {
      "version": "1.12.1",
      "license": "Apache-2.0",
      "dependencies": {
        "bare-semver": "^1.0.0"
      },
      "peerDependencies": {
        "bare-url": "*"
      },
      "peerDependenciesMeta": {
        "bare-url": {
          "optional": true
        }
      }
    },
    "node_modules/bare-module-traverse": {
      "version": "2.0.1",
      "license": "Apache-2.0",
      "dependencies": {
        "bare-addon-resolve": "^1.5.0",
        "bare-module-lexer": "^1.4.0",
        "bare-module-resolve": "^1.7.0"
      },
      "peerDependencies": {
        "bare-buffer": "*",
        "bare-url": "*"
      },
      "peerDependenciesMeta": {
        "bare-buffer": {
          "optional": true
        },
        "bare-url": {
          "optional": true
        }
      }
    },
    "node_modules/bare-net": {
      "version": "2.3.1",
      "license": "Apache-2.0",
      "dependencies": {
        "bare-events": "^2.2.2",
        "bare-pipe": "^4.0.0",
        "bare-stream": "^2.0.0",
        "bare-tcp": "^2.0.0"
      }
    },
    "node_modules/bare-node-runtime": {
      "version": "1.2.0",
      "license": "Apache-2.0",
      "dependencies": {
        "bare-abort-controller": "^1.0.0",
        "bare-assert": "^1.1.0",
        "bare-async-hooks": "^0.0.0",
        "bare-buffer": "^3.3.1",
        "bare-console": "^6.0.1",
        "bare-crypto": "^1.11.2",
        "bare-dgram": "^1.0.1",
        "bare-diagnostics-channel": "^1.1.0",
        "bare-dns": "^2.1.4",
        "bare-events": "^2.7.0",
        "bare-fetch": "^2.5.0",
        "bare-fs": "^4.2.3",
        "bare-http1": "^4.0.4",
        "bare-https": "^2.0.0",
        "bare-inspector": "^5.0.0",
        "bare-module": "^6.1.2",
        "bare-net": "^2.0.2",
        "bare-os": "^3.6.2",
        "bare-path": "^3.0.0",
        "bare-performance": "^1.1.0",
        "bare-process": "^4.2.1",
        "bare-punycode": "^0.0.0",
        "bare-querystring": "^1.0.0",
        "bare-readline": "^1.1.0",
        "bare-repl": "^6.0.1",
        "bare-stream": "^2.7.0",
        "bare-string-decoder": "^1.0.0",
        "bare-subprocess": "^5.1.1",
        "bare-timers": "^3.0.3",
        "bare-tls": "^2.1.3",
        "bare-tty": "^5.0.3",
        "bare-url": "^2.2.2",
        "bare-utils": "^1.5.1",
        "bare-v8": "^1.0.1",
        "bare-vm": "^1.0.0",
        "bare-worker": "^4.0.0",
        "bare-ws": "^2.1.0",
        "bare-zlib": "^1.3.1"
      }
    },
    "node_modules/bare-node-runtime/node_modules/bare-tls": {
      "version": "2.2.1",
      "resolved": "https://registry.npmjs.org/bare-tls/-/bare-tls-2.2.1.tgz",
      "integrity": "sha512-hZ+ZqwrUO4dyH7/6WYkYWjgAFNJKjzwEYJiDaMnMs+eRleBDjQ3CvNZawpkw0Ar9jnM9NZK6+f6GqjkZ2FLGmQ==",
      "license": "Apache-2.0",
      "dependencies": {
        "bare-net": "^2.0.1",
        "bare-stream": "^2.6.4"
      },
      "engines": {
        "bare": ">=1.7.0"
      }
    },
    "node_modules/bare-os": {
      "version": "3.8.0",
      "license": "Apache-2.0",
      "engines": {
        "bare": ">=1.14.0"
      }
    },
    "node_modules/bare-path": {
      "version": "3.0.0",
      "license": "Apache-2.0",
      "dependencies": {
        "bare-os": "^3.0.1"
      }
    },
    "node_modules/bare-performance": {
      "version": "1.3.0",
      "license": "Apache-2.0"
    },
    "node_modules/bare-pipe": {
      "version": "4.1.5",
      "license": "Apache-2.0",
      "dependencies": {
        "bare-events": "^2.0.0",
        "bare-stream": "^2.0.0"
      },
      "engines": {
        "bare": ">=1.16.0"
      }
    },
    "node_modules/bare-process": {
      "version": "4.3.0",
      "license": "Apache-2.0",
      "dependencies": {
        "bare-abort": "^2.0.13",
        "bare-env": "^3.0.0",
        "bare-events": "^2.3.1",
        "bare-hrtime": "^2.0.0",
        "bare-os": "^3.7.1",
        "bare-pipe": "^4.0.0",
        "bare-signals": "^4.0.0",
        "bare-tty": "^5.0.0"
      }
    },
    "node_modules/bare-punycode": {
      "version": "0.0.0",
      "license": "Apache-2.0",
      "dependencies": {
        "punycode": "^2.3.1"
      }
    },
    "node_modules/bare-querystring": {
      "version": "1.0.0",
      "license": "Apache-2.0"
    },
    "node_modules/bare-readline": {
      "version": "1.2.2",
      "license": "Apache-2.0",
      "dependencies": {
        "bare-ansi-escapes": "^2.0.0",
        "bare-stream": "^2.0.0"
      }
    },
    "node_modules/bare-realm": {
      "version": "2.0.1",
      "license": "Apache-2.0",
      "engines": {
        "bare": ">=1.5.0"
      }
    },
    "node_modules/bare-repl": {
      "version": "6.0.2",
      "license": "Apache-2.0",
      "dependencies": {
        "bare-inspect": "^3.0.0",
        "bare-module": "^6.0.1",
        "bare-os": "^3.0.1",
        "bare-path": "^3.0.0",
        "bare-pipe": "^4.0.0",
        "bare-readline": "^1.0.0",
        "bare-stream": "^2.0.0",
        "bare-tty": "^5.0.0"
      }
    },
    "node_modules/bare-semver": {
      "version": "1.0.2",
      "license": "Apache-2.0"
    },
    "node_modules/bare-signals": {
      "version": "4.2.0",
      "license": "Apache-2.0",
      "dependencies": {
        "bare-events": "^2.5.3",
        "bare-os": "^3.3.1"
      },
      "engines": {
        "bare": ">=1.7.0"
      }
    },
    "node_modules/bare-stream": {
      "version": "2.11.0",
      "license": "Apache-2.0",
      "dependencies": {
        "streamx": "^2.25.0",
        "teex": "^1.0.1"
      },
      "peerDependencies": {
        "bare-abort-controller": "*",
        "bare-buffer": "*",
        "bare-events": "*"
      },
      "peerDependenciesMeta": {
        "bare-abort-controller": {
          "optional": true
        },
        "bare-buffer": {
          "optional": true
        },
        "bare-events": {
          "optional": true
        }
      }
    },
    "node_modules/bare-string-decoder": {
      "version": "1.0.0",
      "license": "Apache-2.0",
      "dependencies": {
        "text-decoder": "^1.2.3"
      },
      "peerDependencies": {
        "bare-buffer": "*"
      },
      "peerDependenciesMeta": {
        "bare-buffer": {
          "optional": true
        }
      }
    },
    "node_modules/bare-structured-clone": {
      "version": "1.5.3",
      "license": "Apache-2.0",
      "dependencies": {
        "bare-type": "^1.1.0",
        "compact-encoding": "^2.15.0"
      },
      "engines": {
        "bare": ">=1.2.0"
      },
      "peerDependencies": {
        "bare-buffer": "*",
        "bare-url": "*"
      },
      "peerDependenciesMeta": {
        "bare-buffer": {
          "optional": true
        },
        "bare-url": {
          "optional": true
        }
      }
    },
    "node_modules/bare-stylize": {
      "version": "0.0.1",
      "license": "Apache-2.0",
      "dependencies": {
        "bare-ansi-escapes": "^2.2.3",
        "bare-process": "^4.2.1"
      }
    },
    "node_modules/bare-subprocess": {
      "version": "5.2.3",
      "license": "Apache-2.0",
      "dependencies": {
        "bare-env": "^3.0.0",
        "bare-events": "^2.5.4",
        "bare-os": "^3.0.1",
        "bare-pipe": "^4.0.0",
        "bare-url": "^2.2.2"
      },
      "engines": {
        "bare": ">=1.7.0"
      },
      "peerDependencies": {
        "bare-buffer": "*"
      },
      "peerDependenciesMeta": {
        "bare-buffer": {
          "optional": true
        }
      }
    },
    "node_modules/bare-system-logger": {
      "version": "1.0.3",
      "license": "Apache-2.0",
      "dependencies": {
        "bare-logger": "^2.0.0"
      }
    },
    "node_modules/bare-tcp": {
      "version": "2.2.7",
      "license": "Apache-2.0",
      "dependencies": {
        "bare-dns": "^2.0.4",
        "bare-events": "^2.5.4",
        "bare-stream": "^2.6.4"
      },
      "engines": {
        "bare": ">=1.16.0"
      }
    },
    "node_modules/bare-thread": {
      "version": "1.1.6",
      "license": "Apache-2.0",
      "dependencies": {
        "bare-bundle": "^1.9.0",
        "bare-module-resolve": "^1.11.2",
        "bare-module-traverse": "^2.0.0"
      }
    },
    "node_modules/bare-timers": {
      "version": "3.2.1",
      "license": "Apache-2.0",
      "engines": {
        "bare": ">=1.7.0"
      },
      "peerDependencies": {
        "bare-abort-controller": "*"
      },
      "peerDependenciesMeta": {
        "bare-abort-controller": {
          "optional": true
        }
      }
    },
    "node_modules/bare-tty": {
      "version": "5.0.3",
      "license": "Apache-2.0",
      "dependencies": {
        "bare-events": "^2.2.0",
        "bare-signals": "^4.0.0",
        "bare-stream": "^2.0.0"
      },
      "engines": {
        "bare": ">=1.16.0"
      }
    },
    "node_modules/bare-type": {
      "version": "1.1.0",
      "license": "Apache-2.0",
      "engines": {
        "bare": ">=1.2.0"
      }
    },
    "node_modules/bare-url": {
      "version": "2.4.0",
      "license": "Apache-2.0",
      "dependencies": {
        "bare-path": "^3.0.0"
      }
    },
    "node_modules/bare-utils": {
      "version": "1.6.0",
      "license": "Apache-2.0",
      "dependencies": {
        "bare-debug-log": "^2.0.0",
        "bare-encoding": "^1.0.0",
        "bare-format": "^1.0.0",
        "bare-inspect": "^3.0.0",
        "bare-stylize": "^0.0.1",
        "bare-type": "^1.0.6"
      }
    },
    "node_modules/bare-v8": {
      "version": "1.0.1",
      "license": "Apache-2.0"
    },
    "node_modules/bare-vm": {
      "version": "1.0.1",
      "license": "Apache-2.0",
      "dependencies": {
        "bare-realm": "^2.0.0"
      }
    },
    "node_modules/bare-worker": {
      "version": "4.1.6",
      "license": "Apache-2.0",
      "dependencies": {
        "bare-channel": "^5.1.5",
        "bare-events": "^2.2.1",
        "bare-module": "^6.0.1",
        "bare-thread": "^1.1.3"
      }
    },
    "node_modules/bare-ws": {
      "version": "2.1.0",
      "license": "Apache-2.0",
      "dependencies": {
        "bare-crypto": "^1.2.0",
        "bare-events": "^2.3.1",
        "bare-http1": "^4.0.0",
        "bare-https": "^2.0.0",
        "bare-stream": "^2.1.2"
      },
      "peerDependencies": {
        "bare-buffer": "*",
        "bare-url": "*"
      },
      "peerDependenciesMeta": {
        "bare-buffer": {
          "optional": true
        },
        "bare-url": {
          "optional": true
        }
      }
    },
    "node_modules/bare-zlib": {
      "version": "1.3.1",
      "license": "Apache-2.0",
      "dependencies": {
        "bare-stream": "^2.0.0"
      }
    },
    "node_modules/base-x": {
      "version": "4.0.1",
      "license": "MIT"
    },
    "node_modules/bech32": {
      "version": "2.0.0",
      "license": "MIT"
    },
    "node_modules/bindings": {
      "version": "1.5.0",
      "license": "MIT",
      "dependencies": {
        "file-uri-to-path": "1.0.0"
      }
    },
    "node_modules/bip174": {
      "version": "2.1.1",
      "license": "MIT",
      "engines": {
        "node": ">=8.0.0"
      }
    },
    "node_modules/bip32": {
      "version": "4.0.0",
      "license": "MIT",
      "dependencies": {
        "@noble/hashes": "^1.2.0",
        "@scure/base": "^1.1.1",
        "typeforce": "^1.11.5",
        "wif": "^2.0.6"
      },
      "engines": {
        "node": ">=6.0.0"
      }
    },
    "node_modules/bip39": {
      "version": "3.1.0",
      "license": "ISC",
      "dependencies": {
        "@noble/hashes": "^1.2.0"
      }
    },
    "node_modules/bip66": {
      "version": "1.1.5",
      "license": "MIT",
      "dependencies": {
        "safe-buffer": "^5.0.1"
      }
    },
    "node_modules/bip68": {
      "version": "1.0.4",
      "license": "ISC",
      "engines": {
        "node": ">=4.5.0"
      }
    },
    "node_modules/bitcoinjs-lib": {
      "version": "6.1.7",
      "license": "MIT",
      "dependencies": {
        "@noble/hashes": "^1.2.0",
        "bech32": "^2.0.0",
        "bip174": "^2.1.1",
        "bs58check": "^3.0.1",
        "typeforce": "^1.11.3",
        "varuint-bitcoin": "^1.1.2"
      },
      "engines": {
        "node": ">=8.0.0"
      }
    },
    "node_modules/bitcoinjs-message": {
      "version": "2.2.0",
      "license": "MIT",
      "dependencies": {
        "bech32": "^1.1.3",
        "bs58check": "^2.1.2",
        "buffer-equals": "^1.0.3",
        "create-hash": "^1.1.2",
        "secp256k1": "^3.0.1",
        "varuint-bitcoin": "^1.0.1"
      },
      "engines": {
        "node": ">=0.10"
      }
    },
    "node_modules/bitcoinjs-message/node_modules/base-x": {
      "version": "3.0.11",
      "license": "MIT",
      "dependencies": {
        "safe-buffer": "^5.0.1"
      }
    },
    "node_modules/bitcoinjs-message/node_modules/bech32": {
      "version": "1.1.4",
      "license": "MIT"
    },
    "node_modules/bitcoinjs-message/node_modules/bs58": {
      "version": "4.0.1",
      "license": "MIT",
      "dependencies": {
        "base-x": "^3.0.2"
      }
    },
    "node_modules/bitcoinjs-message/node_modules/bs58check": {
      "version": "2.1.2",
      "license": "MIT",
      "dependencies": {
        "bs58": "^4.0.0",
        "create-hash": "^1.1.0",
        "safe-buffer": "^5.1.2"
      }
    },
    "node_modules/bn.js": {
      "version": "4.12.3",
      "license": "MIT"
    },
    "node_modules/brorand": {
      "version": "1.1.0",
      "license": "MIT"
    },
    "node_modules/browserify-aes": {
      "version": "1.2.0",
      "license": "MIT",
      "dependencies": {
        "buffer-xor": "^1.0.3",
        "cipher-base": "^1.0.0",
        "create-hash": "^1.1.0",
        "evp_bytestokey": "^1.0.3",
        "inherits": "^2.0.1",
        "safe-buffer": "^5.0.1"
      }
    },
    "node_modules/bs58": {
      "version": "5.0.0",
      "license": "MIT",
      "dependencies": {
        "base-x": "^4.0.0"
      }
    },
    "node_modules/bs58check": {
      "version": "3.0.1",
      "license": "MIT",
      "dependencies": {
        "@noble/hashes": "^1.2.0",
        "bs58": "^5.0.0"
      }
    },
    "node_modules/buffer-equals": {
      "version": "1.0.4",
      "license": "MIT",
      "engines": {
        "node": ">=0.10.0"
      }
    },
    "node_modules/buffer-xor": {
      "version": "1.0.3",
      "license": "MIT"
    },
    "node_modules/call-bind": {
      "version": "1.0.8",
      "license": "MIT",
      "dependencies": {
        "call-bind-apply-helpers": "^1.0.0",
        "es-define-property": "^1.0.0",
        "get-intrinsic": "^1.2.4",
        "set-function-length": "^1.2.2"
      },
      "engines": {
        "node": ">= 0.4"
      },
      "funding": {
        "url": "https://github.com/sponsors/ljharb"
      }
    },
    "node_modules/call-bind-apply-helpers": {
      "version": "1.0.2",
      "license": "MIT",
      "dependencies": {
        "es-errors": "^1.3.0",
        "function-bind": "^1.1.2"
      },
      "engines": {
        "node": ">= 0.4"
      }
    },
    "node_modules/call-bound": {
      "version": "1.0.4",
      "license": "MIT",
      "dependencies": {
        "call-bind-apply-helpers": "^1.0.2",
        "get-intrinsic": "^1.3.0"
      },
      "engines": {
        "node": ">= 0.4"
      },
      "funding": {
        "url": "https://github.com/sponsors/ljharb"
      }
    },
    "node_modules/cipher-base": {
      "version": "1.0.7",
      "license": "MIT",
      "dependencies": {
        "inherits": "^2.0.4",
        "safe-buffer": "^5.2.1",
        "to-buffer": "^1.2.2"
      },
      "engines": {
        "node": ">= 0.10"
      }
    },
    "node_modules/compact-encoding": {
      "version": "2.19.1",
      "license": "Apache-2.0",
      "dependencies": {
        "b4a": "^1.3.0"
      }
    },
    "node_modules/core-util-is": {
      "version": "1.0.3",
      "license": "MIT"
    },
    "node_modules/create-hash": {
      "version": "1.2.0",
      "license": "MIT",
      "dependencies": {
        "cipher-base": "^1.0.1",
        "inherits": "^2.0.1",
        "md5.js": "^1.3.4",
        "ripemd160": "^2.0.1",
        "sha.js": "^2.4.0"
      }
    },
    "node_modules/create-hmac": {
      "version": "1.1.7",
      "license": "MIT",
      "dependencies": {
        "cipher-base": "^1.0.3",
        "create-hash": "^1.1.0",
        "inherits": "^2.0.1",
        "ripemd160": "^2.0.0",
        "safe-buffer": "^5.0.1",
        "sha.js": "^2.4.8"
      }
    },
    "node_modules/define-data-property": {
      "version": "1.1.4",
      "license": "MIT",
      "dependencies": {
        "es-define-property": "^1.0.0",
        "es-errors": "^1.3.0",
        "gopd": "^1.0.1"
      },
      "engines": {
        "node": ">= 0.4"
      },
      "funding": {
        "url": "https://github.com/sponsors/ljharb"
      }
    },
    "node_modules/dotenv": {
      "version": "16.6.1",
      "license": "BSD-2-Clause",
      "engines": {
        "node": ">=12"
      },
      "funding": {
        "url": "https://dotenvx.com"
      }
    },
    "node_modules/drbg.js": {
      "version": "1.0.1",
      "license": "MIT",
      "dependencies": {
        "browserify-aes": "^1.0.6",
        "create-hash": "^1.1.2",
        "create-hmac": "^1.1.4"
      },
      "engines": {
        "node": ">=0.10"
      }
    },
    "node_modules/dunder-proto": {
      "version": "1.0.1",
      "license": "MIT",
      "dependencies": {
        "call-bind-apply-helpers": "^1.0.1",
        "es-errors": "^1.3.0",
        "gopd": "^1.2.0"
      },
      "engines": {
        "node": ">= 0.4"
      }
    },
    "node_modules/ecpair": {
      "version": "2.1.0",
      "license": "MIT",
      "dependencies": {
        "randombytes": "^2.1.0",
        "typeforce": "^1.18.0",
        "wif": "^2.0.6"
      },
      "engines": {
        "node": ">=8.0.0"
      }
    },
    "node_modules/elliptic": {
      "version": "6.6.1",
      "license": "MIT",
      "dependencies": {
        "bn.js": "^4.11.9",
        "brorand": "^1.1.0",
        "hash.js": "^1.0.0",
        "hmac-drbg": "^1.0.1",
        "inherits": "^2.0.4",
        "minimalistic-assert": "^1.0.1",
        "minimalistic-crypto-utils": "^1.0.1"
      }
    },
    "node_modules/es-define-property": {
      "version": "1.0.1",
      "license": "MIT",
      "engines": {
        "node": ">= 0.4"
      }
    },
    "node_modules/es-errors": {
      "version": "1.3.0",
      "license": "MIT",
      "engines": {
        "node": ">= 0.4"
      }
    },
    "node_modules/es-object-atoms": {
      "version": "1.1.1",
      "license": "MIT",
      "dependencies": {
        "es-errors": "^1.3.0"
      },
      "engines": {
        "node": ">= 0.4"
      }
    },
    "node_modules/events-universal": {
      "version": "1.0.1",
      "license": "Apache-2.0",
      "dependencies": {
        "bare-events": "^2.7.0"
      }
    },
    "node_modules/evp_bytestokey": {
      "version": "1.0.3",
      "license": "MIT",
      "dependencies": {
        "md5.js": "^1.3.4",
        "safe-buffer": "^5.1.1"
      }
    },
    "node_modules/fast-fifo": {
      "version": "1.3.2",
      "license": "MIT"
    },
    "node_modules/file-uri-to-path": {
      "version": "1.0.0",
      "license": "MIT"
    },
    "node_modules/for-each": {
      "version": "0.3.5",
      "license": "MIT",
      "dependencies": {
        "is-callable": "^1.2.7"
      },
      "engines": {
        "node": ">= 0.4"
      },
      "funding": {
        "url": "https://github.com/sponsors/ljharb"
      }
    },
    "node_modules/function-bind": {
      "version": "1.1.2",
      "license": "MIT",
      "funding": {
        "url": "https://github.com/sponsors/ljharb"
      }
    },
    "node_modules/get-intrinsic": {
      "version": "1.3.0",
      "license": "MIT",
      "dependencies": {
        "call-bind-apply-helpers": "^1.0.2",
        "es-define-property": "^1.0.1",
        "es-errors": "^1.3.0",
        "es-object-atoms": "^1.1.1",
        "function-bind": "^1.1.2",
        "get-proto": "^1.0.1",
        "gopd": "^1.2.0",
        "has-symbols": "^1.1.0",
        "hasown": "^2.0.2",
        "math-intrinsics": "^1.1.0"
      },
      "engines": {
        "node": ">= 0.4"
      },
      "funding": {
        "url": "https://github.com/sponsors/ljharb"
      }
    },
    "node_modules/get-proto": {
      "version": "1.0.1",
      "license": "MIT",
      "dependencies": {
        "dunder-proto": "^1.0.1",
        "es-object-atoms": "^1.0.0"
      },
      "engines": {
        "node": ">= 0.4"
      }
    },
    "node_modules/gopd": {
      "version": "1.2.0",
      "license": "MIT",
      "engines": {
        "node": ">= 0.4"
      },
      "funding": {
        "url": "https://github.com/sponsors/ljharb"
      }
    },
    "node_modules/has-property-descriptors": {
      "version": "1.0.2",
      "license": "MIT",
      "dependencies": {
        "es-define-property": "^1.0.0"
      },
      "funding": {
        "url": "https://github.com/sponsors/ljharb"
      }
    },
    "node_modules/has-symbols": {
      "version": "1.1.0",
      "license": "MIT",
      "engines": {
        "node": ">= 0.4"
      },
      "funding": {
        "url": "https://github.com/sponsors/ljharb"
      }
    },
    "node_modules/has-tostringtag": {
      "version": "1.0.2",
      "license": "MIT",
      "dependencies": {
        "has-symbols": "^1.0.3"
      },
      "engines": {
        "node": ">= 0.4"
      },
      "funding": {
        "url": "https://github.com/sponsors/ljharb"
      }
    },
    "node_modules/hash-base": {
      "version": "3.1.2",
      "license": "MIT",
      "dependencies": {
        "inherits": "^2.0.4",
        "readable-stream": "^2.3.8",
        "safe-buffer": "^5.2.1",
        "to-buffer": "^1.2.1"
      },
      "engines": {
        "node": ">= 0.8"
      }
    },
    "node_modules/hash.js": {
      "version": "1.1.7",
      "license": "MIT",
      "dependencies": {
        "inherits": "^2.0.3",
        "minimalistic-assert": "^1.0.1"
      }
    },
    "node_modules/hasown": {
      "version": "2.0.2",
      "license": "MIT",
      "dependencies": {
        "function-bind": "^1.1.2"
      },
      "engines": {
        "node": ">= 0.4"
      }
    },
    "node_modules/hmac-drbg": {
      "version": "1.0.1",
      "license": "MIT",
      "dependencies": {
        "hash.js": "^1.0.3",
        "minimalistic-assert": "^1.0.0",
        "minimalistic-crypto-utils": "^1.0.1"
      }
    },
    "node_modules/inherits": {
      "version": "2.0.4",
      "license": "ISC"
    },
    "node_modules/is-callable": {
      "version": "1.2.7",
      "license": "MIT",
      "engines": {
        "node": ">= 0.4"
      },
      "funding": {
        "url": "https://github.com/sponsors/ljharb"
      }
    },
    "node_modules/is-typed-array": {
      "version": "1.1.15",
      "license": "MIT",
      "dependencies": {
        "which-typed-array": "^1.1.16"
      },
      "engines": {
        "node": ">= 0.4"
      },
      "funding": {
        "url": "https://github.com/sponsors/ljharb"
      }
    },
    "node_modules/isarray": {
      "version": "1.0.0",
      "license": "MIT"
    },
    "node_modules/lodash.memoize": {
      "version": "4.1.2",
      "license": "MIT"
    },
    "node_modules/lru-cache": {
      "version": "11.2.2",
      "license": "ISC",
      "engines": {
        "node": "20 || >=22"
      }
    },
    "node_modules/math-intrinsics": {
      "version": "1.1.0",
      "license": "MIT",
      "engines": {
        "node": ">= 0.4"
      }
    },
    "node_modules/md5.js": {
      "version": "1.3.5",
      "license": "MIT",
      "dependencies": {
        "hash-base": "^3.0.0",
        "inherits": "^2.0.1",
        "safe-buffer": "^5.1.2"
      }
    },
    "node_modules/minimalistic-assert": {
      "version": "1.0.1",
      "license": "ISC"
    },
    "node_modules/minimalistic-crypto-utils": {
      "version": "1.0.1",
      "license": "MIT"
    },
    "node_modules/nan": {
      "version": "2.26.2",
      "license": "MIT"
    },
    "node_modules/p-limit": {
      "version": "7.1.1",
      "license": "MIT",
      "dependencies": {
        "yocto-queue": "^1.2.1"
      },
      "engines": {
        "node": ">=20"
      },
      "funding": {
        "url": "https://github.com/sponsors/sindresorhus"
      }
    },
    "node_modules/possible-typed-array-names": {
      "version": "1.1.0",
      "license": "MIT",
      "engines": {
        "node": ">= 0.4"
      }
    },
    "node_modules/process-nextick-args": {
      "version": "2.0.1",
      "license": "MIT"
    },
    "node_modules/punycode": {
      "version": "2.3.1",
      "license": "MIT",
      "engines": {
        "node": ">=6"
      }
    },
    "node_modules/randombytes": {
      "version": "2.1.0",
      "license": "MIT",
      "dependencies": {
        "safe-buffer": "^5.1.0"
      }
    },
    "node_modules/readable-stream": {
      "version": "2.3.8",
      "license": "MIT",
      "dependencies": {
        "core-util-is": "~1.0.0",
        "inherits": "~2.0.3",
        "isarray": "~1.0.0",
        "process-nextick-args": "~2.0.0",
        "safe-buffer": "~5.1.1",
        "string_decoder": "~1.1.1",
        "util-deprecate": "~1.0.1"
      }
    },
    "node_modules/readable-stream/node_modules/safe-buffer": {
      "version": "5.1.2",
      "license": "MIT"
    },
    "node_modules/require-addon": {
      "version": "1.2.0",
      "license": "Apache-2.0",
      "dependencies": {
        "bare-addon-resolve": "^1.3.0"
      },
      "engines": {
        "bare": ">=1.10.0"
      }
    },
    "node_modules/ripemd160": {
      "version": "2.0.3",
      "license": "MIT",
      "dependencies": {
        "hash-base": "^3.1.2",
        "inherits": "^2.0.4"
      },
      "engines": {
        "node": ">= 0.8"
      }
    },
    "node_modules/safe-buffer": {
      "version": "5.2.1",
      "funding": [
        {
          "type": "github",
          "url": "https://github.com/sponsors/feross"
        },
        {
          "type": "patreon",
          "url": "https://www.patreon.com/feross"
        },
        {
          "type": "consulting",
          "url": "https://feross.org/support"
        }
      ],
      "license": "MIT"
    },
    "node_modules/secp256k1": {
      "version": "3.8.1",
      "hasInstallScript": true,
      "license": "MIT",
      "dependencies": {
        "bindings": "^1.5.0",
        "bip66": "^1.1.5",
        "bn.js": "^4.11.8",
        "create-hash": "^1.2.0",
        "drbg.js": "^1.0.1",
        "elliptic": "^6.5.7",
        "nan": "^2.14.0",
        "safe-buffer": "^5.1.2"
      },
      "engines": {
        "node": ">=4.0.0"
      }
    },
    "node_modules/set-function-length": {
      "version": "1.2.2",
      "license": "MIT",
      "dependencies": {
        "define-data-property": "^1.1.4",
        "es-errors": "^1.3.0",
        "function-bind": "^1.1.2",
        "get-intrinsic": "^1.2.4",
        "gopd": "^1.0.1",
        "has-property-descriptors": "^1.0.2"
      },
      "engines": {
        "node": ">= 0.4"
      }
    },
    "node_modules/sha.js": {
      "version": "2.4.12",
      "license": "(MIT AND BSD-3-Clause)",
      "dependencies": {
        "inherits": "^2.0.4",
        "safe-buffer": "^5.2.1",
        "to-buffer": "^1.2.0"
      },
      "bin": {
        "sha.js": "bin.js"
      },
      "engines": {
        "node": ">= 0.10"
      },
      "funding": {
        "url": "https://github.com/sponsors/ljharb"
      }
    },
    "node_modules/sodium-native": {
      "version": "5.1.0",
      "license": "MIT",
      "dependencies": {
        "bare-assert": "^1.2.0",
        "require-addon": "^1.1.0",
        "which-runtime": "^1.2.1"
      },
      "engines": {
        "bare": ">=1.16.0"
      }
    },
    "node_modules/sodium-universal": {
      "version": "5.0.1",
      "license": "MIT",
      "dependencies": {
        "sodium-native": "^5.0.1"
      },
      "peerDependencies": {
        "sodium-javascript": "~0.8.0"
      },
      "peerDependenciesMeta": {
        "sodium-javascript": {
          "optional": true
        }
      }
    },
    "node_modules/streamx": {
      "version": "2.25.0",
      "license": "MIT",
      "dependencies": {
        "events-universal": "^1.0.0",
        "fast-fifo": "^1.3.2",
        "text-decoder": "^1.1.0"
      }
    },
    "node_modules/string_decoder": {
      "version": "1.1.1",
      "license": "MIT",
      "dependencies": {
        "safe-buffer": "~5.1.0"
      }
    },
    "node_modules/string_decoder/node_modules/safe-buffer": {
      "version": "5.1.2",
      "license": "MIT"
    },
    "node_modules/teex": {
      "version": "1.0.1",
      "license": "MIT",
      "dependencies": {
        "streamx": "^2.12.5"
      }
    },
    "node_modules/text-decoder": {
      "version": "1.2.7",
      "license": "Apache-2.0",
      "dependencies": {
        "b4a": "^1.6.4"
      }
    },
    "node_modules/to-buffer": {
      "version": "1.2.2",
      "license": "MIT",
      "dependencies": {
        "isarray": "^2.0.5",
        "safe-buffer": "^5.2.1",
        "typed-array-buffer": "^1.0.3"
      },
      "engines": {
        "node": ">= 0.4"
      }
    },
    "node_modules/to-buffer/node_modules/isarray": {
      "version": "2.0.5",
      "license": "MIT"
    },
    "node_modules/typed-array-buffer": {
      "version": "1.0.3",
      "license": "MIT",
      "dependencies": {
        "call-bound": "^1.0.3",
        "es-errors": "^1.3.0",
        "is-typed-array": "^1.1.14"
      },
      "engines": {
        "node": ">= 0.4"
      }
    },
    "node_modules/typeforce": {
      "version": "1.18.0",
      "license": "MIT"
    },
    "node_modules/udx-native": {
      "version": "1.19.2",
      "license": "Apache-2.0",
      "dependencies": {
        "b4a": "^1.5.0",
        "bare-events": "^2.2.0",
        "require-addon": "^1.1.0",
        "streamx": "^2.22.0"
      },
      "engines": {
        "bare": ">=1.17.4"
      }
    },
    "node_modules/util-deprecate": {
      "version": "1.0.2",
      "license": "MIT"
    },
    "node_modules/varuint-bitcoin": {
      "version": "1.1.2",
      "license": "MIT",
      "dependencies": {
        "safe-buffer": "^5.1.1"
      }
    },
    "node_modules/which-runtime": {
      "version": "1.3.2",
      "license": "Apache-2.0"
    },
    "node_modules/which-typed-array": {
      "version": "1.1.20",
      "license": "MIT",
      "dependencies": {
        "available-typed-arrays": "^1.0.7",
        "call-bind": "^1.0.8",
        "call-bound": "^1.0.4",
        "for-each": "^0.3.5",
        "get-proto": "^1.0.1",
        "gopd": "^1.2.0",
        "has-tostringtag": "^1.0.2"
      },
      "engines": {
        "node": ">= 0.4"
      },
      "funding": {
        "url": "https://github.com/sponsors/ljharb"
      }
    },
    "node_modules/wif": {
      "version": "2.0.6",
      "license": "MIT",
      "dependencies": {
        "bs58check": "<3.0.0"
      }
    },
    "node_modules/wif/node_modules/base-x": {
      "version": "3.0.11",
      "license": "MIT",
      "dependencies": {
        "safe-buffer": "^5.0.1"
      }
    },
    "node_modules/wif/node_modules/bs58": {
      "version": "4.0.1",
      "license": "MIT",
      "dependencies": {
        "base-x": "^3.0.2"
      }
    },
    "node_modules/wif/node_modules/bs58check": {
      "version": "2.1.2",
      "license": "MIT",
      "dependencies": {
        "bs58": "^4.0.0",
        "create-hash": "^1.1.0",
        "safe-buffer": "^5.1.2"
      }
    },
    "node_modules/yocto-queue": {
      "version": "1.2.2",
      "license": "MIT",
      "engines": {
        "node": ">=12.20"
      },
      "funding": {
        "url": "https://github.com/sponsors/sindresorhus"
      }
    }
  }
}
